Microsoft Visual Studio Solution File, Format Version 12.00
# Visual Studio 14
VisualStudioVersion = 14.0.25420.1
MinimumVisualStudioVersion = 10.0.40219.1
Project("{8BC9CEB8-8B4A-11D0-8D11-00A0C91BC942}") = "basic-sample", "basic-sample\basic-sample.vcxproj", "{1FD24EC0-8D9A-4C57-8B5C-422F1BCF62C0}"
EndProject
Project("{8BC9CEB8-8B4A-11D0-8D11-00A0C91BC942}") = "_toolkit", "toolkit\toolkit.vcxproj", "{2F4CCF89-7649-4C7F-8CBF-F976B4FBC2B6}"
EndProject
Project("{8BC9CEB8-8B4A-11D0-8D11-00A0C91BC942}") = "alternatives-to-nmap-sample", "alternatives-to-nmap-sample\alternatives-to-nmap-sample.vcxproj", "{1886D8DC-DB35-43D8-8D00-AB2BFB1A3212}"
EndProject
Project("{8BC9CEB8-8B4A-11D0-8D11-00A0C91BC942}") = "deferred-sample", "deferred-sample\deferred-sample.vcxproj", "{DBB22576-EA93-4AF0-A1C5-354C4309FCD0}"
EndProject
Project("{8BC9CEB8-8B4A-11D0-8D11-00A0C91BC942}") = "fxaa-sample", "fxaa-sample\fxaa-sample.vcxproj", "{9BE6FA26-E80B-4542-8903-E43F7D44C85A}"
EndProject
Project("{8BC9CEB8-8B4A-11D0-8D11-00A0C91BC942}") = "htile-sample", "htile-sample\htile-sample.vcxproj", "{AFA8AF62-46BB-4C56-A936-0F590CEAE566}"
EndProject
Project("{8BC9CEB8-8B4A-11D0-8D11-00A0C91BC942}") = "eqaa-sample", "eqaa-sample\eqaa-sample.vcxproj", "{B55B3D13-658B-41BF-8853-F718081BAD5E}"
EndProject
Project("{8BC9CEB8-8B4A-11D0-8D11-00A0C91BC942}") = "occlusion-sample", "occlusion-sample\occlusion-sample.vcxproj", "{DFDF6AF4-F151-45D4-A8D0-D794B426A3A9}"
EndProject
Project("{8BC9CEB8-8B4A-11D0-8D11-00A0C91BC942}") = "patches-sample", "patches-sample\patches-sample.vcxproj", "{0C56611D-7405-43F1-A018-2253E529CA68}"
EndProject
Project("{8BC9CEB8-8B4A-11D0-8D11-00A0C91BC942}") = "post-bump-sample", "post-bump-sample\post-bump-sample.vcxproj", "{69EF2B4E-F2E5-4765-BF55-C88349ACD2DD}"
EndProject
Project("{8BC9CEB8-8B4A-11D0-8D11-00A0C91BC942}") = "procedural-sample", "procedural-sample\procedural-sample.vcxproj", "{526DEB4F-CA16-498D-BEF2-6F3EDB145DC8}"
EndProject
Project("{8BC9CEB8-8B4A-11D0-8D11-00A0C91BC942}") = "render-to-texture-sample", "render-to-texture-sample\render-to-texture-sample.vcxproj", "{9166FF2A-68D9-4616-826A-1E6B47016218}"
EndProject
Project("{8BC9CEB8-8B4A-11D0-8D11-00A0C91BC942}") = "shadowmap-sample", "shadowmap-sample\shadowmap-sample.vcxproj", "{2A115CC4-0653-49E2-A326-67D079C79379}"
EndProject
Project("{8BC9CEB8-8B4A-11D0-8D11-00A0C91BC942}") = "simplet-constant-engine", "simplet-constant-engine\simplet-constant-engine.vcxproj", "{4A7C5D39-2959-4E45-8DA0-513972BB688B}"
EndProject
Project("{8BC9CEB8-8B4A-11D0-8D11-00A0C91BC942}") = "simplet-cs-add", "simplet-cs-add\simplet-cs-add.vcxproj", "{B04AAA2A-C70B-4E4D-A3F9-39048EADE6F3}"
EndProject
Project("{8BC9CEB8-8B4A-11D0-8D11-00A0C91BC942}") = "simplet-geometry-shader", "simplet-geometry-shader\simplet-geometry-shader.vcxproj", "{06D3D897-2B9E-4340-8D82-56D3BA3AA814}"
EndProject
Project("{8BC9CEB8-8B4A-11D0-8D11-00A0C91BC942}") = "simplet-simple-fs", "simplet-simple-fs\simplet-simple-fs.vcxproj", "{9D6E6901-EE85-49F3-AFDE-C33D9DE6C1BC}"
EndProject
Project("{8BC9CEB8-8B4A-11D0-8D11-00A0C91BC942}") = "simplet-single-triangle", "simplet-single-triangle\simplet-single-triangle.vcxproj", "{D095E96D-A80D-49EA-B25B-A7AB9A8B0BF9}"
EndProject
Project("{8BC9CEB8-8B4A-11D0-8D11-00A0C91BC942}") = "simplet-tessellation", "simplet-tessellation\simplet-tessellation.vcxproj", "{86F17148-BD41-41C3-9E27-63C63901BFE0}"
EndProject
Project("{8BC9CEB8-8B4A-11D0-8D11-00A0C91BC942}") = "stencil-sample", "stencil-sample\stencil-sample.vcxproj", "{B9BF17A6-A300-466A-AC7E-DDA302E1D52F}"
EndProject
Project("{8BC9CEB8-8B4A-11D0-8D11-00A0C91BC942}") = "volume-sample", "volume-sample\volume-sample.vcxproj", "{33A43DEA-1502-4A13-A807-310E1B2C249E}"
EndProject
Project("{8BC9CEB8-8B4A-11D0-8D11-00A0C91BC942}") = "pssl-semantic-match-sample", "pssl-semantic-match-sample\pssl-semantic-match-sample.vcxproj", "{D7EF2CDE-4EF1-4DA7-8379-8B80E4883276}"
EndProject
Project("{8BC9CEB8-8B4A-11D0-8D11-00A0C91BC942}") = "instancing-sample", "instancing-sample\instancing-sample.vcxproj", "{127CE8C7-121D-4250-83CA-D0058570523B}"
EndProject
Project("{8BC9CEB8-8B4A-11D0-8D11-00A0C91BC942}") = "simplet-append-consume", "simplet-append-consume\simplet-append-consume.vcxproj", "{0DB83357-1715-489A-B0B6-BFA56EF98684}"
EndProject
Project("{8BC9CEB8-8B4A-11D0-8D11-00A0C91BC942}") = "synchronization-sample", "synchronization-sample\synchronization-sample.vcxproj", "{90F2AB7B-84B2-4518-BFAD-0E29675C4734}"
EndProject
Project("{8BC9CEB8-8B4A-11D0-8D11-00A0C91BC942}") = "_framework", "framework\framework.vcxproj", "{F950CC65-80EF-4B1F-86A3-2B87B3F23C96}"
EndProject
Project("{8BC9CEB8-8B4A-11D0-8D11-00A0C91BC942}") = "drawindirect-sample", "drawindirect-sample\drawindirect-sample.vcxproj", "{138D7BF7-05DC-4928-9DC3-ED5E362683B8}"
EndProject
Project("{8BC9CEB8-8B4A-11D0-8D11-00A0C91BC942}") = "_dbg_font", "dbg_font\dbg_font.vcxproj", "{43565AD8-688C-4451-A81F-2ABA8E957753}"
EndProject
Project("{8BC9CEB8-8B4A-11D0-8D11-00A0C91BC942}") = "simplet-tess-gs", "simplet-tess-gs\simplet-tess-gs.vcxproj", "{B55C3D7A-17C2-420F-A05D-24724682F9BE}"
EndProject
Project("{8BC9CEB8-8B4A-11D0-8D11-00A0C91BC942}") = "multithreading-sample", "multithreading-sample\multithreading-sample.vcxproj", "{B914E494-80B3-464A-9267-6BD50BB80788}"
EndProject
Project("{8BC9CEB8-8B4A-11D0-8D11-00A0C91BC942}") = "dispatchindirect-sample", "dispatchindirect-sample\dispatchindirect-sample.vcxproj", "{50116591-8727-4319-A38C-BAF98B45FE8B}"
EndProject
Project("{8BC9CEB8-8B4A-11D0-8D11-00A0C91BC942}") = "render-to-mips-sample", "render-to-mips-sample\render-to-mips-sample.vcxproj", "{14BCCFE6-131E-4661-A779-85DDEE1F42AD}"
EndProject
Project("{8BC9CEB8-8B4A-11D0-8D11-00A0C91BC942}") = "simplet-cmpc-test", "simplet-cmpc-test\simplet-cmpc-test.vcxproj", "{0A8ACF38-E66F-4E04-917E-212872A49713}"
EndProject
Project("{8BC9CEB8-8B4A-11D0-8D11-00A0C91BC942}") = "simplet-gs-stream-out", "simplet-gs-stream-out\simplet-gs-stream-out.vcxproj", "{42D94D5E-3877-4DD4-B72C-886319B0D3C5}"
EndProject
Project("{8BC9CEB8-8B4A-11D0-8D11-00A0C91BC942}") = "gameloop-sample", "gameloop-sample\gameloop-sample.vcxproj", "{D3622483-8B6C-4B3A-B53A-36EA4673CD92}"
EndProject
Project("{8BC9CEB8-8B4A-11D0-8D11-00A0C91BC942}") = "texture-tool-target-sample", "texture-tool-target-sample\texture-tool-target-sample.vcxproj", "{14F79F8D-362D-41EC-9B22-87E5EEC59A8F}"
EndProject
Project("{8BC9CEB8-8B4A-11D0-8D11-00A0C91BC942}") = "perfcounter-sample", "perfcounter-sample\perfcounter-sample.vcxproj", "{D600E5F2-CF3C-4F84-BA1B-A23D58067B52}"
EndProject
Project("{8BC9CEB8-8B4A-11D0-8D11-00A0C91BC942}") = "texture-array-sample", "texture-array-sample\texture-array-sample.vcxproj", "{8BFF0028-D753-4F69-966F-E31891E46C79}"
EndProject
Project("{8BC9CEB8-8B4A-11D0-8D11-00A0C91BC942}") = "gpu-thread-trace-sample", "gpu-thread-trace-sample\gpu-thread-trace-sample.vcxproj", "{01C3E1F3-850F-4E91-B591-21B674724187}"
EndProject
Project("{8BC9CEB8-8B4A-11D0-8D11-00A0C91BC942}") = "depth-mode-sample", "depth-mode-sample\depth-mode-sample.vcxproj", "{7FBABF28-1C4A-4130-9E42-750DBF1B9B76}"
EndProject
Project("{8BC9CEB8-8B4A-11D0-8D11-00A0C91BC942}") = "drawindirectmulti-sample", "drawindirectmulti-sample\drawindirectmulti-sample.vcxproj", "{D0227855-5E97-40A2-9BF0-44F57404446D}"
EndProject
Project("{8BC9CEB8-8B4A-11D0-8D11-00A0C91BC942}") = "simplet-lightweight-constant-engine", "simplet-lightweight-constant-engine\simplet-lightweight-constant-engine.vcxproj", "{79FE114F-B428-4986-BD9D-1D3204529CD1}"
EndProject
Project("{8BC9CEB8-8B4A-11D0-8D11-00A0C91BC942}") = "anisotropy-sample", "anisotropy-sample\anisotropy-sample.vcxproj", "{A8FFB16E-8B5E-47B5-BF66-53B76D8EF867}"
EndProject
Project("{8BC9CEB8-8B4A-11D0-8D11-00A0C91BC942}") = "basic-urt-sample", "basic-urt-sample\basic-urt-sample.vcxproj", "{298B8256-C1D7-47A0-9110-5B343D5EECCD}"
EndProject
Project("{8BC9CEB8-8B4A-11D0-8D11-00A0C91BC942}") = "dispatch-draw-sample", "dispatch-draw-sample\dispatch-draw-sample.vcxproj", "{1333DB1D-FECD-441E-9FFB-DCB40D68B7E4}"
EndProject
Project("{8BC9CEB8-8B4A-11D0-8D11-00A0C91BC942}") = "rasterop-sample", "rasterop-sample\rasterop-sample.vcxproj", "{54B8C355-8852-4AB0-B124-8CDD2C069EC9}"
EndProject
Project("{8BC9CEB8-8B4A-11D0-8D11-00A0C91BC942}") = "histogram-gds-sample", "histogram-gds-sample\histogram-gds-sample.vcxproj", "{2FC409DE-A524-4E63-9772-489C5E4E3AEA}"
EndProject
Project("{8BC9CEB8-8B4A-11D0-8D11-00A0C91BC942}") = "neo-4k-sample", "neo-4k-sample\neo-4k-sample.vcxproj", "{644C5F99-F058-45B1-9635-10B4D70C152F}"
EndProject
Project("{8BC9CEB8-8B4A-11D0-8D11-00A0C91BC942}") = "simplet-cmask", "simplet-cmask\simplet-cmask.vcxproj", "{038EFAC0-07F7-4E0E-8660-D3237AFA3446}"
EndProject
Project("{8BC9CEB8-8B4A-11D0-8D11-00A0C91BC942}") = "simplet-dcc-compression", "simplet-dcc-compression\simplet-dcc-compression.vcxproj", "{91B6F921-BAD0-4542-89E2-4B71CD185A05}"
EndProject
Project("{8BC9CEB8-8B4A-11D0-8D11-00A0C91BC942}") = "lossy-compression-sample", "lossy-compression-sample\lossy-compression-sample.vcxproj", "{F591FE54-8670-4C38-B972-BBE7DA2CB61D}"
EndProject
Project("{8BC9CEB8-8B4A-11D0-8D11-00A0C91BC942}") = "load-zipfriendly-gnf-sample", "load-zipfriendly-gnf-sample\load-zipfriendly-gnf-sample.vcxproj", "{82E1E4A9-AEBA-471C-8C41-14738BD50FEF}"
EndProject
Project("{8BC9CEB8-8B4A-11D0-8D11-00A0C91BC942}") = "dcc-sample", "dcc-sample\dcc-sample.vcxproj", "{BA746D88-D469-46A8-BFB6-6D04FF15DB84}"
EndProject
Global
	GlobalSection(SolutionConfigurationPlatforms) = preSolution
		Debug|ORBIS = Debug|ORBIS
		Release|ORBIS = Release|ORBIS
	EndGlobalSection
	GlobalSection(ProjectConfigurationPlatforms) = postSolution
		{1FD24EC0-8D9A-4C57-8B5C-422F1BCF62C0}.Debug|ORBIS.ActiveCfg = Debug|ORBIS
		{1FD24EC0-8D9A-4C57-8B5C-422F1BCF62C0}.Debug|ORBIS.Build.0 = Debug|ORBIS
		{1FD24EC0-8D9A-4C57-8B5C-422F1BCF62C0}.Release|ORBIS.ActiveCfg = Release|ORBIS
		{1FD24EC0-8D9A-4C57-8B5C-422F1BCF62C0}.Release|ORBIS.Build.0 = Release|ORBIS
		{2F4CCF89-7649-4C7F-8CBF-F976B4FBC2B6}.Debug|ORBIS.ActiveCfg = Debug|ORBIS
		{2F4CCF89-7649-4C7F-8CBF-F976B4FBC2B6}.Debug|ORBIS.Build.0 = Debug|ORBIS
		{2F4CCF89-7649-4C7F-8CBF-F976B4FBC2B6}.Release|ORBIS.ActiveCfg = Release|ORBIS
		{2F4CCF89-7649-4C7F-8CBF-F976B4FBC2B6}.Release|ORBIS.Build.0 = Release|ORBIS
		{1886D8DC-DB35-43D8-8D00-AB2BFB1A3212}.Debug|ORBIS.ActiveCfg = Debug|ORBIS
		{1886D8DC-DB35-43D8-8D00-AB2BFB1A3212}.Debug|ORBIS.Build.0 = Debug|ORBIS
		{1886D8DC-DB35-43D8-8D00-AB2BFB1A3212}.Release|ORBIS.ActiveCfg = Release|ORBIS
		{1886D8DC-DB35-43D8-8D00-AB2BFB1A3212}.Release|ORBIS.Build.0 = Release|ORBIS
		{DBB22576-EA93-4AF0-A1C5-354C4309FCD0}.Debug|ORBIS.ActiveCfg = Debug|ORBIS
		{DBB22576-EA93-4AF0-A1C5-354C4309FCD0}.Debug|ORBIS.Build.0 = Debug|ORBIS
		{DBB22576-EA93-4AF0-A1C5-354C4309FCD0}.Release|ORBIS.ActiveCfg = Release|ORBIS
		{DBB22576-EA93-4AF0-A1C5-354C4309FCD0}.Release|ORBIS.Build.0 = Release|ORBIS
		{9BE6FA26-E80B-4542-8903-E43F7D44C85A}.Debug|ORBIS.ActiveCfg = Debug|ORBIS
		{9BE6FA26-E80B-4542-8903-E43F7D44C85A}.Debug|ORBIS.Build.0 = Debug|ORBIS
		{9BE6FA26-E80B-4542-8903-E43F7D44C85A}.Release|ORBIS.ActiveCfg = Release|ORBIS
		{9BE6FA26-E80B-4542-8903-E43F7D44C85A}.Release|ORBIS.Build.0 = Release|ORBIS
		{AFA8AF62-46BB-4C56-A936-0F590CEAE566}.Debug|ORBIS.ActiveCfg = Debug|ORBIS
		{AFA8AF62-46BB-4C56-A936-0F590CEAE566}.Debug|ORBIS.Build.0 = Debug|ORBIS
		{AFA8AF62-46BB-4C56-A936-0F590CEAE566}.Release|ORBIS.ActiveCfg = Release|ORBIS
		{AFA8AF62-46BB-4C56-A936-0F590CEAE566}.Release|ORBIS.Build.0 = Release|ORBIS
		{B55B3D13-658B-41BF-8853-F718081BAD5E}.Debug|ORBIS.ActiveCfg = Debug|ORBIS
		{B55B3D13-658B-41BF-8853-F718081BAD5E}.Debug|ORBIS.Build.0 = Debug|ORBIS
		{B55B3D13-658B-41BF-8853-F718081BAD5E}.Release|ORBIS.ActiveCfg = Release|ORBIS
		{B55B3D13-658B-41BF-8853-F718081BAD5E}.Release|ORBIS.Build.0 = Release|ORBIS
		{DFDF6AF4-F151-45D4-A8D0-D794B426A3A9}.Debug|ORBIS.ActiveCfg = Debug|ORBIS
		{DFDF6AF4-F151-45D4-A8D0-D794B426A3A9}.Debug|ORBIS.Build.0 = Debug|ORBIS
		{DFDF6AF4-F151-45D4-A8D0-D794B426A3A9}.Release|ORBIS.ActiveCfg = Release|ORBIS
		{DFDF6AF4-F151-45D4-A8D0-D794B426A3A9}.Release|ORBIS.Build.0 = Release|ORBIS
		{0C56611D-7405-43F1-A018-2253E529CA68}.Debug|ORBIS.ActiveCfg = Debug|ORBIS
		{0C56611D-7405-43F1-A018-2253E529CA68}.Debug|ORBIS.Build.0 = Debug|ORBIS
		{0C56611D-7405-43F1-A018-2253E529CA68}.Release|ORBIS.ActiveCfg = Release|ORBIS
		{0C56611D-7405-43F1-A018-2253E529CA68}.Release|ORBIS.Build.0 = Release|ORBIS
		{69EF2B4E-F2E5-4765-BF55-C88349ACD2DD}.Debug|ORBIS.ActiveCfg = Debug|ORBIS
		{69EF2B4E-F2E5-4765-BF55-C88349ACD2DD}.Debug|ORBIS.Build.0 = Debug|ORBIS
		{69EF2B4E-F2E5-4765-BF55-C88349ACD2DD}.Release|ORBIS.ActiveCfg = Release|ORBIS
		{69EF2B4E-F2E5-4765-BF55-C88349ACD2DD}.Release|ORBIS.Build.0 = Release|ORBIS
		{526DEB4F-CA16-498D-BEF2-6F3EDB145DC8}.Debug|ORBIS.ActiveCfg = Debug|ORBIS
		{526DEB4F-CA16-498D-BEF2-6F3EDB145DC8}.Debug|ORBIS.Build.0 = Debug|ORBIS
		{526DEB4F-CA16-498D-BEF2-6F3EDB145DC8}.Release|ORBIS.ActiveCfg = Release|ORBIS
		{526DEB4F-CA16-498D-BEF2-6F3EDB145DC8}.Release|ORBIS.Build.0 = Release|ORBIS
		{9166FF2A-68D9-4616-826A-1E6B47016218}.Debug|ORBIS.ActiveCfg = Debug|ORBIS
		{9166FF2A-68D9-4616-826A-1E6B47016218}.Debug|ORBIS.Build.0 = Debug|ORBIS
		{9166FF2A-68D9-4616-826A-1E6B47016218}.Release|ORBIS.ActiveCfg = Release|ORBIS
		{9166FF2A-68D9-4616-826A-1E6B47016218}.Release|ORBIS.Build.0 = Release|ORBIS
		{2A115CC4-0653-49E2-A326-67D079C79379}.Debug|ORBIS.ActiveCfg = Debug|ORBIS
		{2A115CC4-0653-49E2-A326-67D079C79379}.Debug|ORBIS.Build.0 = Debug|ORBIS
		{2A115CC4-0653-49E2-A326-67D079C79379}.Release|ORBIS.ActiveCfg = Release|ORBIS
		{2A115CC4-0653-49E2-A326-67D079C79379}.Release|ORBIS.Build.0 = Release|ORBIS
		{4A7C5D39-2959-4E45-8DA0-513972BB688B}.Debug|ORBIS.ActiveCfg = Debug|ORBIS
		{4A7C5D39-2959-4E45-8DA0-513972BB688B}.Debug|ORBIS.Build.0 = Debug|ORBIS
		{4A7C5D39-2959-4E45-8DA0-513972BB688B}.Release|ORBIS.ActiveCfg = Release|ORBIS
		{4A7C5D39-2959-4E45-8DA0-513972BB688B}.Release|ORBIS.Build.0 = Release|ORBIS
		{B04AAA2A-C70B-4E4D-A3F9-39048EADE6F3}.Debug|ORBIS.ActiveCfg = Debug|ORBIS
		{B04AAA2A-C70B-4E4D-A3F9-39048EADE6F3}.Debug|ORBIS.Build.0 = Debug|ORBIS
		{B04AAA2A-C70B-4E4D-A3F9-39048EADE6F3}.Release|ORBIS.ActiveCfg = Release|ORBIS
		{B04AAA2A-C70B-4E4D-A3F9-39048EADE6F3}.Release|ORBIS.Build.0 = Release|ORBIS
		{06D3D897-2B9E-4340-8D82-56D3BA3AA814}.Debug|ORBIS.ActiveCfg = Debug|ORBIS
		{06D3D897-2B9E-4340-8D82-56D3BA3AA814}.Debug|ORBIS.Build.0 = Debug|ORBIS
		{06D3D897-2B9E-4340-8D82-56D3BA3AA814}.Release|ORBIS.ActiveCfg = Release|ORBIS
		{06D3D897-2B9E-4340-8D82-56D3BA3AA814}.Release|ORBIS.Build.0 = Release|ORBIS
		{9D6E6901-EE85-49F3-AFDE-C33D9DE6C1BC}.Debug|ORBIS.ActiveCfg = Debug|ORBIS
		{9D6E6901-EE85-49F3-AFDE-C33D9DE6C1BC}.Debug|ORBIS.Build.0 = Debug|ORBIS
		{9D6E6901-EE85-49F3-AFDE-C33D9DE6C1BC}.Release|ORBIS.ActiveCfg = Release|ORBIS
		{9D6E6901-EE85-49F3-AFDE-C33D9DE6C1BC}.Release|ORBIS.Build.0 = Release|ORBIS
		{D095E96D-A80D-49EA-B25B-A7AB9A8B0BF9}.Debug|ORBIS.ActiveCfg = Debug|ORBIS
		{D095E96D-A80D-49EA-B25B-A7AB9A8B0BF9}.Debug|ORBIS.Build.0 = Debug|ORBIS
		{D095E96D-A80D-49EA-B25B-A7AB9A8B0BF9}.Release|ORBIS.ActiveCfg = Release|ORBIS
		{D095E96D-A80D-49EA-B25B-A7AB9A8B0BF9}.Release|ORBIS.Build.0 = Release|ORBIS
		{86F17148-BD41-41C3-9E27-63C63901BFE0}.Debug|ORBIS.ActiveCfg = Debug|ORBIS
		{86F17148-BD41-41C3-9E27-63C63901BFE0}.Debug|ORBIS.Build.0 = Debug|ORBIS
		{86F17148-BD41-41C3-9E27-63C63901BFE0}.Release|ORBIS.ActiveCfg = Release|ORBIS
		{86F17148-BD41-41C3-9E27-63C63901BFE0}.Release|ORBIS.Build.0 = Release|ORBIS
		{B9BF17A6-A300-466A-AC7E-DDA302E1D52F}.Debug|ORBIS.ActiveCfg = Debug|ORBIS
		{B9BF17A6-A300-466A-AC7E-DDA302E1D52F}.Debug|ORBIS.Build.0 = Debug|ORBIS
		{B9BF17A6-A300-466A-AC7E-DDA302E1D52F}.Release|ORBIS.ActiveCfg = Release|ORBIS
		{B9BF17A6-A300-466A-AC7E-DDA302E1D52F}.Release|ORBIS.Build.0 = Release|ORBIS
		{33A43DEA-1502-4A13-A807-310E1B2C249E}.Debug|ORBIS.ActiveCfg = Debug|ORBIS
		{33A43DEA-1502-4A13-A807-310E1B2C249E}.Debug|ORBIS.Build.0 = Debug|ORBIS
		{33A43DEA-1502-4A13-A807-310E1B2C249E}.Release|ORBIS.ActiveCfg = Release|ORBIS
		{33A43DEA-1502-4A13-A807-310E1B2C249E}.Release|ORBIS.Build.0 = Release|ORBIS
		{D7EF2CDE-4EF1-4DA7-8379-8B80E4883276}.Debug|ORBIS.ActiveCfg = Debug|ORBIS
		{D7EF2CDE-4EF1-4DA7-8379-8B80E4883276}.Debug|ORBIS.Build.0 = Debug|ORBIS
		{D7EF2CDE-4EF1-4DA7-8379-8B80E4883276}.Release|ORBIS.ActiveCfg = Release|ORBIS
		{D7EF2CDE-4EF1-4DA7-8379-8B80E4883276}.Release|ORBIS.Build.0 = Release|ORBIS
		{127CE8C7-121D-4250-83CA-D0058570523B}.Debug|ORBIS.ActiveCfg = Debug|ORBIS
		{127CE8C7-121D-4250-83CA-D0058570523B}.Debug|ORBIS.Build.0 = Debug|ORBIS
		{127CE8C7-121D-4250-83CA-D0058570523B}.Release|ORBIS.ActiveCfg = Release|ORBIS
		{127CE8C7-121D-4250-83CA-D0058570523B}.Release|ORBIS.Build.0 = Release|ORBIS
		{0DB83357-1715-489A-B0B6-BFA56EF98684}.Debug|ORBIS.ActiveCfg = Debug|ORBIS
		{0DB83357-1715-489A-B0B6-BFA56EF98684}.Debug|ORBIS.Build.0 = Debug|ORBIS
		{0DB83357-1715-489A-B0B6-BFA56EF98684}.Release|ORBIS.ActiveCfg = Release|ORBIS
		{0DB83357-1715-489A-B0B6-BFA56EF98684}.Release|ORBIS.Build.0 = Release|ORBIS
		{90F2AB7B-84B2-4518-BFAD-0E29675C4734}.Debug|ORBIS.ActiveCfg = Debug|ORBIS
		{90F2AB7B-84B2-4518-BFAD-0E29675C4734}.Debug|ORBIS.Build.0 = Debug|ORBIS
		{90F2AB7B-84B2-4518-BFAD-0E29675C4734}.Release|ORBIS.ActiveCfg = Release|ORBIS
		{90F2AB7B-84B2-4518-BFAD-0E29675C4734}.Release|ORBIS.Build.0 = Release|ORBIS
		{F950CC65-80EF-4B1F-86A3-2B87B3F23C96}.Debug|ORBIS.ActiveCfg = Debug|ORBIS
		{F950CC65-80EF-4B1F-86A3-2B87B3F23C96}.Debug|ORBIS.Build.0 = Debug|ORBIS
		{F950CC65-80EF-4B1F-86A3-2B87B3F23C96}.Release|ORBIS.ActiveCfg = Release|ORBIS
		{F950CC65-80EF-4B1F-86A3-2B87B3F23C96}.Release|ORBIS.Build.0 = Release|ORBIS
		{138D7BF7-05DC-4928-9DC3-ED5E362683B8}.Debug|ORBIS.ActiveCfg = Debug|ORBIS
		{138D7BF7-05DC-4928-9DC3-ED5E362683B8}.Debug|ORBIS.Build.0 = Debug|ORBIS
		{138D7BF7-05DC-4928-9DC3-ED5E362683B8}.Release|ORBIS.ActiveCfg = Release|ORBIS
		{138D7BF7-05DC-4928-9DC3-ED5E362683B8}.Release|ORBIS.Build.0 = Release|ORBIS
		{43565AD8-688C-4451-A81F-2ABA8E957753}.Debug|ORBIS.ActiveCfg = Debug|ORBIS
		{43565AD8-688C-4451-A81F-2ABA8E957753}.Debug|ORBIS.Build.0 = Debug|ORBIS
		{43565AD8-688C-4451-A81F-2ABA8E957753}.Release|ORBIS.ActiveCfg = Release|ORBIS
		{43565AD8-688C-4451-A81F-2ABA8E957753}.Release|ORBIS.Build.0 = Release|ORBIS
		{B55C3D7A-17C2-420F-A05D-24724682F9BE}.Debug|ORBIS.ActiveCfg = Debug|ORBIS
		{B55C3D7A-17C2-420F-A05D-24724682F9BE}.Debug|ORBIS.Build.0 = Debug|ORBIS
		{B55C3D7A-17C2-420F-A05D-24724682F9BE}.Release|ORBIS.ActiveCfg = Release|ORBIS
		{B55C3D7A-17C2-420F-A05D-24724682F9BE}.Release|ORBIS.Build.0 = Release|ORBIS
		{B914E494-80B3-464A-9267-6BD50BB80788}.Debug|ORBIS.ActiveCfg = Debug|ORBIS
		{B914E494-80B3-464A-9267-6BD50BB80788}.Debug|ORBIS.Build.0 = Debug|ORBIS
		{B914E494-80B3-464A-9267-6BD50BB80788}.Release|ORBIS.ActiveCfg = Release|ORBIS
		{B914E494-80B3-464A-9267-6BD50BB80788}.Release|ORBIS.Build.0 = Release|ORBIS
		{50116591-8727-4319-A38C-BAF98B45FE8B}.Debug|ORBIS.ActiveCfg = Debug|ORBIS
		{50116591-8727-4319-A38C-BAF98B45FE8B}.Debug|ORBIS.Build.0 = Debug|ORBIS
		{50116591-8727-4319-A38C-BAF98B45FE8B}.Release|ORBIS.ActiveCfg = Release|ORBIS
		{50116591-8727-4319-A38C-BAF98B45FE8B}.Release|ORBIS.Build.0 = Release|ORBIS
		{14BCCFE6-131E-4661-A779-85DDEE1F42AD}.Debug|ORBIS.ActiveCfg = Debug|ORBIS
		{14BCCFE6-131E-4661-A779-85DDEE1F42AD}.Debug|ORBIS.Build.0 = Debug|ORBIS
		{14BCCFE6-131E-4661-A779-85DDEE1F42AD}.Release|ORBIS.ActiveCfg = Release|ORBIS
		{14BCCFE6-131E-4661-A779-85DDEE1F42AD}.Release|ORBIS.Build.0 = Release|ORBIS
		{0A8ACF38-E66F-4E04-917E-212872A49713}.Debug|ORBIS.ActiveCfg = Debug|ORBIS
		{0A8ACF38-E66F-4E04-917E-212872A49713}.Debug|ORBIS.Build.0 = Debug|ORBIS
		{0A8ACF38-E66F-4E04-917E-212872A49713}.Release|ORBIS.ActiveCfg = Release|ORBIS
		{0A8ACF38-E66F-4E04-917E-212872A49713}.Release|ORBIS.Build.0 = Release|ORBIS
		{42D94D5E-3877-4DD4-B72C-886319B0D3C5}.Debug|ORBIS.ActiveCfg = Debug|ORBIS
		{42D94D5E-3877-4DD4-B72C-886319B0D3C5}.Debug|ORBIS.Build.0 = Debug|ORBIS
		{42D94D5E-3877-4DD4-B72C-886319B0D3C5}.Release|ORBIS.ActiveCfg = Release|ORBIS
		{42D94D5E-3877-4DD4-B72C-886319B0D3C5}.Release|ORBIS.Build.0 = Release|ORBIS
		{D3622483-8B6C-4B3A-B53A-36EA4673CD92}.Debug|ORBIS.ActiveCfg = Debug|ORBIS
		{D3622483-8B6C-4B3A-B53A-36EA4673CD92}.Debug|ORBIS.Build.0 = Debug|ORBIS
		{D3622483-8B6C-4B3A-B53A-36EA4673CD92}.Release|ORBIS.ActiveCfg = Release|ORBIS
		{D3622483-8B6C-4B3A-B53A-36EA4673CD92}.Release|ORBIS.Build.0 = Release|ORBIS
		{14F79F8D-362D-41EC-9B22-87E5EEC59A8F}.Debug|ORBIS.ActiveCfg = Debug|ORBIS
		{14F79F8D-362D-41EC-9B22-87E5EEC59A8F}.Debug|ORBIS.Build.0 = Debug|ORBIS
		{14F79F8D-362D-41EC-9B22-87E5EEC59A8F}.Release|ORBIS.ActiveCfg = Release|ORBIS
		{14F79F8D-362D-41EC-9B22-87E5EEC59A8F}.Release|ORBIS.Build.0 = Release|ORBIS
		{D600E5F2-CF3C-4F84-BA1B-A23D58067B52}.Debug|ORBIS.ActiveCfg = Debug|ORBIS
		{D600E5F2-CF3C-4F84-BA1B-A23D58067B52}.Debug|ORBIS.Build.0 = Debug|ORBIS
		{D600E5F2-CF3C-4F84-BA1B-A23D58067B52}.Release|ORBIS.ActiveCfg = Release|ORBIS
		{D600E5F2-CF3C-4F84-BA1B-A23D58067B52}.Release|ORBIS.Build.0 = Release|ORBIS
		{8BFF0028-D753-4F69-966F-E31891E46C79}.Debug|ORBIS.ActiveCfg = Debug|ORBIS
		{8BFF0028-D753-4F69-966F-E31891E46C79}.Debug|ORBIS.Build.0 = Debug|ORBIS
		{8BFF0028-D753-4F69-966F-E31891E46C79}.Release|ORBIS.ActiveCfg = Release|ORBIS
		{8BFF0028-D753-4F69-966F-E31891E46C79}.Release|ORBIS.Build.0 = Release|ORBIS
		{01C3E1F3-850F-4E91-B591-21B674724187}.Debug|ORBIS.ActiveCfg = Debug|ORBIS
		{01C3E1F3-850F-4E91-B591-21B674724187}.Debug|ORBIS.Build.0 = Debug|ORBIS
		{01C3E1F3-850F-4E91-B591-21B674724187}.Release|ORBIS.ActiveCfg = Release|ORBIS
		{01C3E1F3-850F-4E91-B591-21B674724187}.Release|ORBIS.Build.0 = Release|ORBIS
		{7FBABF28-1C4A-4130-9E42-750DBF1B9B76}.Debug|ORBIS.ActiveCfg = Debug|ORBIS
		{7FBABF28-1C4A-4130-9E42-750DBF1B9B76}.Debug|ORBIS.Build.0 = Debug|ORBIS
		{7FBABF28-1C4A-4130-9E42-750DBF1B9B76}.Release|ORBIS.ActiveCfg = Release|ORBIS
		{7FBABF28-1C4A-4130-9E42-750DBF1B9B76}.Release|ORBIS.Build.0 = Release|ORBIS
		{D0227855-5E97-40A2-9BF0-44F57404446D}.Debug|ORBIS.ActiveCfg = Debug|ORBIS
		{D0227855-5E97-40A2-9BF0-44F57404446D}.Debug|ORBIS.Build.0 = Debug|ORBIS
		{D0227855-5E97-40A2-9BF0-44F57404446D}.Release|ORBIS.ActiveCfg = Release|ORBIS
		{D0227855-5E97-40A2-9BF0-44F57404446D}.Release|ORBIS.Build.0 = Release|ORBIS
		{79FE114F-B428-4986-BD9D-1D3204529CD1}.Debug|ORBIS.ActiveCfg = Debug|ORBIS
		{79FE114F-B428-4986-BD9D-1D3204529CD1}.Debug|ORBIS.Build.0 = Debug|ORBIS
		{79FE114F-B428-4986-BD9D-1D3204529CD1}.Release|ORBIS.ActiveCfg = Release|ORBIS
		{79FE114F-B428-4986-BD9D-1D3204529CD1}.Release|ORBIS.Build.0 = Release|ORBIS
		{A8FFB16E-8B5E-47B5-BF66-53B76D8EF867}.Debug|ORBIS.ActiveCfg = Debug|ORBIS
		{A8FFB16E-8B5E-47B5-BF66-53B76D8EF867}.Debug|ORBIS.Build.0 = Debug|ORBIS
		{A8FFB16E-8B5E-47B5-BF66-53B76D8EF867}.Release|ORBIS.ActiveCfg = Release|ORBIS
		{A8FFB16E-8B5E-47B5-BF66-53B76D8EF867}.Release|ORBIS.Build.0 = Release|ORBIS
		{298B8256-C1D7-47A0-9110-5B343D5EECCD}.Debug|ORBIS.ActiveCfg = Debug|ORBIS
		{298B8256-C1D7-47A0-9110-5B343D5EECCD}.Debug|ORBIS.Build.0 = Debug|ORBIS
		{298B8256-C1D7-47A0-9110-5B343D5EECCD}.Release|ORBIS.ActiveCfg = Release|ORBIS
		{298B8256-C1D7-47A0-9110-5B343D5EECCD}.Release|ORBIS.Build.0 = Release|ORBIS
		{1333DB1D-FECD-441E-9FFB-DCB40D68B7E4}.Debug|ORBIS.ActiveCfg = Debug|ORBIS
		{1333DB1D-FECD-441E-9FFB-DCB40D68B7E4}.Debug|ORBIS.Build.0 = Debug|ORBIS
		{1333DB1D-FECD-441E-9FFB-DCB40D68B7E4}.Release|ORBIS.ActiveCfg = Release|ORBIS
		{1333DB1D-FECD-441E-9FFB-DCB40D68B7E4}.Release|ORBIS.Build.0 = Release|ORBIS
		{54B8C355-8852-4AB0-B124-8CDD2C069EC9}.Debug|ORBIS.ActiveCfg = Debug|ORBIS
		{54B8C355-8852-4AB0-B124-8CDD2C069EC9}.Debug|ORBIS.Build.0 = Debug|ORBIS
		{54B8C355-8852-4AB0-B124-8CDD2C069EC9}.Release|ORBIS.ActiveCfg = Release|ORBIS
		{54B8C355-8852-4AB0-B124-8CDD2C069EC9}.Release|ORBIS.Build.0 = Release|ORBIS
		{2FC409DE-A524-4E63-9772-489C5E4E3AEA}.Debug|ORBIS.ActiveCfg = Debug|ORBIS
		{2FC409DE-A524-4E63-9772-489C5E4E3AEA}.Debug|ORBIS.Build.0 = Debug|ORBIS
		{2FC409DE-A524-4E63-9772-489C5E4E3AEA}.Release|ORBIS.ActiveCfg = Release|ORBIS
		{2FC409DE-A524-4E63-9772-489C5E4E3AEA}.Release|ORBIS.Build.0 = Release|ORBIS
		{644C5F99-F058-45B1-9635-10B4D70C152F}.Debug|ORBIS.ActiveCfg = Debug|ORBIS
		{644C5F99-F058-45B1-9635-10B4D70C152F}.Debug|ORBIS.Build.0 = Debug|ORBIS
		{644C5F99-F058-45B1-9635-10B4D70C152F}.Release|ORBIS.ActiveCfg = Release|ORBIS
		{644C5F99-F058-45B1-9635-10B4D70C152F}.Release|ORBIS.Build.0 = Release|ORBIS
		{038EFAC0-07F7-4E0E-8660-D3237AFA3446}.Debug|ORBIS.ActiveCfg = Debug|ORBIS
		{038EFAC0-07F7-4E0E-8660-D3237AFA3446}.Debug|ORBIS.Build.0 = Debug|ORBIS
		{038EFAC0-07F7-4E0E-8660-D3237AFA3446}.Release|ORBIS.ActiveCfg = Release|ORBIS
		{038EFAC0-07F7-4E0E-8660-D3237AFA3446}.Release|ORBIS.Build.0 = Release|ORBIS
		{91B6F921-BAD0-4542-89E2-4B71CD185A05}.Debug|ORBIS.ActiveCfg = Debug|ORBIS
		{91B6F921-BAD0-4542-89E2-4B71CD185A05}.Debug|ORBIS.Build.0 = Debug|ORBIS
		{91B6F921-BAD0-4542-89E2-4B71CD185A05}.Release|ORBIS.ActiveCfg = Release|ORBIS
		{91B6F921-BAD0-4542-89E2-4B71CD185A05}.Release|ORBIS.Build.0 = Release|ORBIS
		{F591FE54-8670-4C38-B972-BBE7DA2CB61D}.Debug|ORBIS.ActiveCfg = Debug|ORBIS
		{F591FE54-8670-4C38-B972-BBE7DA2CB61D}.Debug|ORBIS.Build.0 = Debug|ORBIS
		{F591FE54-8670-4C38-B972-BBE7DA2CB61D}.Release|ORBIS.ActiveCfg = Release|ORBIS
		{F591FE54-8670-4C38-B972-BBE7DA2CB61D}.Release|ORBIS.Build.0 = Release|ORBIS
		{82E1E4A9-AEBA-471C-8C41-14738BD50FEF}.Debug|ORBIS.ActiveCfg = Debug|ORBIS
		{82E1E4A9-AEBA-471C-8C41-14738BD50FEF}.Debug|ORBIS.Build.0 = Debug|ORBIS
		{82E1E4A9-AEBA-471C-8C41-14738BD50FEF}.Release|ORBIS.ActiveCfg = Release|ORBIS
		{82E1E4A9-AEBA-471C-8C41-14738BD50FEF}.Release|ORBIS.Build.0 = Release|ORBIS
		{BA746D88-D469-46A8-BFB6-6D04FF15DB84}.Debug|ORBIS.ActiveCfg = Debug|ORBIS
		{BA746D88-D469-46A8-BFB6-6D04FF15DB84}.Debug|ORBIS.Build.0 = Debug|ORBIS
		{BA746D88-D469-46A8-BFB6-6D04FF15DB84}.Release|ORBIS.ActiveCfg = Release|ORBIS
		{BA746D88-D469-46A8-BFB6-6D04FF15DB84}.Release|ORBIS.Build.0 = Release|ORBIS
	EndGlobalSection
	GlobalSection(SolutionProperties) = preSolution
		HideSolutionNode = FALSE
	EndGlobalSection
EndGlobal
